// !$*UTF8*$!
{
	archiveVersion = 1;
	classes = {
	};
	objectVersion = 46;
	objects = {

/* Begin PBXBuildFile section */
		4F0E8B341C87D5D800CC89E3 /* OutputViewController.m in Sources */ = {isa = PBXBuildFile; fileRef = 4F0E8B321C87D5D800CC89E3 /* OutputViewController.m */; };
		4F0E8B351C87D5D800CC89E3 /* OutputViewController.xib in Resources */ = {isa = PBXBuildFile; fileRef = 4F0E8B331C87D5D800CC89E3 /* OutputViewController.xib */; };
		4F13AA7C1C86EBC800DFFC79 /* main.m in Sources */ = {isa = PBXBuildFile; fileRef = 4F13AA7B1C86EBC800DFFC79 /* main.m */; };
		4F13AA7F1C86EBC800DFFC79 /* AppDelegate.m in Sources */ = {isa = PBXBuildFile; fileRef = 4F13AA7E1C86EBC800DFFC79 /* AppDelegate.m */; };
		4F13AA821C86EBC800DFFC79 /* ViewController.m in Sources */ = {isa = PBXBuildFile; fileRef = 4F13AA811C86EBC800DFFC79 /* ViewController.m */; };
		4F13AA851C86EBC800DFFC79 /* Main.storyboard in Resources */ = {isa = PBXBuildFile; fileRef = 4F13AA831C86EBC800DFFC79 /* Main.storyboard */; };
		4F13AA871C86EBC800DFFC79 /* Assets.xcassets in Resources */ = {isa = PBXBuildFile; fileRef = 4F13AA861C86EBC800DFFC79 /* Assets.xcassets */; };
		4F13AA8A1C86EBC800DFFC79 /* LaunchScreen.storyboard in Resources */ = {isa = PBXBuildFile; fileRef = 4F13AA881C86EBC800DFFC79 /* LaunchScreen.storyboard */; };
		4F34723C1C99107000D4AA7B /* MMMarkdown.framework in Frameworks */ = {isa = PBXBuildFile; fileRef = 4F3472331C99102000D4AA7B /* MMMarkdown.framework */; };
		4F34723D1C99107000D4AA7B /* MMMarkdown.framework in Embed Frameworks */ = {isa = PBXBuildFile; fileRef = 4F3472331C99102000D4AA7B /* MMMarkdown.framework */; settings = {ATTRIBUTES = (CodeSignOnCopy, RemoveHeadersOnCopy, ); }; };
/* End PBXBuildFile section */

/* Begin PBXContainerItemProxy section */
		4F3472321C99102000D4AA7B /* PBXContainerItemProxy */ = {
			isa = PBXContainerItemProxy;
			containerPortal = 4F34722A1C99102000D4AA7B /* MMMarkdown.xcodeproj */;
			proxyType = 2;
			remoteGlobalIDString = BED7620F1B37810000687B36;
			remoteInfo = "MMMarkdown (iOS)";
		};
		4F3472341C99102000D4AA7B /* PBXContainerItemProxy */ = {
			isa = PBXContainerItemProxy;
			containerPortal = 4F34722A1C99102000D4AA7B /* MMMarkdown.xcodeproj */;
			proxyType = 2;
			remoteGlobalIDString = BED761571B374D6700687B36;
			remoteInfo = "MMMarkdown (OS X)";
		};
		4F3472361C99102000D4AA7B /* PBXContainerItemProxy */ = {
			isa = PBXContainerItemProxy;
			containerPortal = 4F34722A1C99102000D4AA7B /* MMMarkdown.xcodeproj */;
			proxyType = 2;
			remoteGlobalIDString = BE23E8F41C0CF3EF0087F587;
			remoteInfo = "MMMarkdown (tvOS)";
		};
		4F3472381C99102000D4AA7B /* PBXContainerItemProxy */ = {
			isa = PBXContainerItemProxy;
			containerPortal = 4F34722A1C99102000D4AA7B /* MMMarkdown.xcodeproj */;
			proxyType = 2;
			remoteGlobalIDString = BE23E9131C0CF77D0087F587;
			remoteInfo = "MMMarkdown (watchOS)";
		};
		4F34723A1C99102000D4AA7B /* PBXContainerItemProxy */ = {
			isa = PBXContainerItemProxy;
			containerPortal = 4F34722A1C99102000D4AA7B /* MMMarkdown.xcodeproj */;
			proxyType = 2;
			remoteGlobalIDString = BED761611B374D6700687B36;
			remoteInfo = MMMarkdownTests;
		};
		4F34723E1C99107000D4AA7B /* PBXContainerItemProxy */ = {
			isa = PBXContainerItemProxy;
			containerPortal = 4F34722A1C99102000D4AA7B /* MMMarkdown.xcodeproj */;
			proxyType = 1;
			remoteGlobalIDString = BED7620E1B37810000687B36;
			remoteInfo = "MMMarkdown (iOS)";
		};
/* End PBXContainerItemProxy section */

/* Begin PBXCopyFilesBuildPhase section */
		4F3472401C99107000D4AA7B /* Embed Frameworks */ = {
			isa = PBXCopyFilesBuildPhase;
			buildActionMask = 2147483647;
			dstPath = "";
			dstSubfolderSpec = 10;
			files = (
				4F34723D1C99107000D4AA7B /* MMMarkdown.framework in Embed Frameworks */,
			);
			name = "Embed Frameworks";
			runOnlyForDeploymentPostprocessing = 0;
		};
/* End PBXCopyFilesBuildPhase section */

/* Begin PBXFileReference section */
		4F0E8B311C87D5D800CC89E3 /* OutputViewController.h */ = {isa = PBXFileReference; fileEncoding = 4; lastKnownFileType = sourcecode.c.h; path = OutputViewController.h; sourceTree = "<group>"; };
		4F0E8B321C87D5D800CC89E3 /* OutputViewController.m */ = {isa = PBXFileReference; fileEncoding = 4; lastKnownFileType = sourcecode.c.objc; path = OutputViewController.m; sourceTree = "<group>"; };
		4F0E8B331C87D5D800CC89E3 /* OutputViewController.xib */ = {isa = PBXFileReference; fileEncoding = 4; lastKnownFileType = file.xib; path = OutputViewController.xib; sourceTree = "<group>"; };
		4F13AA771C86EBC800DFFC79 /* MarkdownParser.app */ = {isa = PBXFileReference; explicitFileType = wrapper.application; includeInIndex = 0; path = MarkdownParser.app; sourceTree = BUILT_PRODUCTS_DIR; };
		4F13AA7B1C86EBC800DFFC79 /* main.m */ = {isa = PBXFileReference; lastKnownFileType = sourcecode.c.objc; path = main.m; sourceTree = "<group>"; };
		4F13AA7D1C86EBC800DFFC79 /* AppDelegate.h */ = {isa = PBXFileReference; lastKnownFileType = sourcecode.c.h; path = AppDelegate.h; sourceTree = "<group>"; };
		4F13AA7E1C86EBC800DFFC79 /* AppDelegate.m */ = {isa = PBXFileReference; lastKnownFileType = sourcecode.c.objc; path = AppDelegate.m; sourceTree = "<group>"; };
		4F13AA801C86EBC800DFFC79 /* ViewController.h */ = {isa = PBXFileReference; lastKnownFileType = sourcecode.c.h; path = ViewController.h; sourceTree = "<group>"; };
		4F13AA811C86EBC800DFFC79 /* ViewController.m */ = {isa = PBXFileReference; lastKnownFileType = sourcecode.c.objc; path = ViewController.m; sourceTree = "<group>"; };
		4F13AA841C86EBC800DFFC79 /* Base */ = {isa = PBXFileReference; lastKnownFileType = file.storyboard; name = Base; path = Base.lproj/Main.storyboard; sourceTree = "<group>"; };
		4F13AA861C86EBC800DFFC79 /* Assets.xcassets */ = {isa = PBXFileReference; lastKnownFileType = folder.assetcatalog; path = Assets.xcassets; sourceTree = "<group>"; };
		4F13AA891C86EBC800DFFC79 /* Base */ = {isa = PBXFileReference; lastKnownFileType = file.storyboard; name = Base; path = Base.lproj/LaunchScreen.storyboard; sourceTree = "<group>"; };
		4F13AA8B1C86EBC800DFFC79 /* Info.plist */ = {isa = PBXFileReference; lastKnownFileType = text.plist.xml; path = Info.plist; sourceTree = "<group>"; };
		4F34722A1C99102000D4AA7B /* MMMarkdown.xcodeproj */ = {isa = PBXFileReference; lastKnownFileType = "wrapper.pb-project"; name = MMMarkdown.xcodeproj; path = MMMarkdown/MMMarkdown.xcodeproj; sourceTree = "<group>"; };
/* End PBXFileReference section */

/* Begin PBXFrameworksBuildPhase section */
		4F13AA741C86EBC800DFFC79 /* Frameworks */ = {
			isa = PBXFrameworksBuildPhase;
			buildActionMask = 2147483647;
			files = (
				4F34723C1C99107000D4AA7B /* MMMarkdown.framework in Frameworks */,
			);
			runOnlyForDeploymentPostprocessing = 0;
		};
/* End PBXFrameworksBuildPhase section */

/* Begin PBXGroup section */
		4F13AA6E1C86EBC800DFFC79 = {
			isa = PBXGroup;
			children = (
				4F34722A1C99102000D4AA7B /* MMMarkdown.xcodeproj */,
				4F13AA791C86EBC800DFFC79 /* MarkdownParser */,
				4F13AA781C86EBC800DFFC79 /* Products */,
			);
			sourceTree = "<group>";
		};
		4F13AA781C86EBC800DFFC79 /* Products */ = {
			isa = PBXGroup;
			children = (
				4F13AA771C86EBC800DFFC79 /* MarkdownParser.app */,
			);
			name = Products;
			sourceTree = "<group>";
		};
		4F13AA791C86EBC800DFFC79 /* MarkdownParser */ = {
			isa = PBXGroup;
			children = (
				4F13AA7D1C86EBC800DFFC79 /* AppDelegate.h */,
				4F13AA7E1C86EBC800DFFC79 /* AppDelegate.m */,
				4F13AA801C86EBC800DFFC79 /* ViewController.h */,
				4F13AA811C86EBC800DFFC79 /* ViewController.m */,
				4F0E8B311C87D5D800CC89E3 /* OutputViewController.h */,
				4F0E8B321C87D5D800CC89E3 /* OutputViewController.m */,
				4F0E8B331C87D5D800CC89E3 /* OutputViewController.xib */,
				4F13AA831C86EBC800DFFC79 /* Main.storyboard */,
				4F13AA861C86EBC800DFFC79 /* Assets.xcassets */,
				4F13AA881C86EBC800DFFC79 /* LaunchScreen.storyboard */,
				4F13AA8B1C86EBC800DFFC79 /* Info.plist */,
				4F13AA7A1C86EBC800DFFC79 /* Supporting Files */,
			);
			path = MarkdownParser;
			sourceTree = "<group>";
		};
		4F13AA7A1C86EBC800DFFC79 /* Supporting Files */ = {
			isa = PBXGroup;
			children = (
				4F13AA7B1C86EBC800DFFC79 /* main.m */,
			);
			name = "Supporting Files";
			sourceTree = "<group>";
		};
		4F34722B1C99102000D4AA7B /* Products */ = {
			isa = PBXGroup;
			children = (
				4F3472331C99102000D4AA7B /* MMMarkdown.framework */,
				4F3472351C99102000D4AA7B /* MMMarkdown.framework */,
				4F3472371C99102000D4AA7B /* MMMarkdown.framework */,
				4F3472391C99102000D4AA7B /* MMMarkdown.framework */,
				4F34723B1C99102000D4AA7B /* MMMarkdownTests.xctest */,
			);
			name = Products;
			sourceTree = "<group>";
		};
/* End PBXGroup section */

/* Begin PBXNativeTarget section */
		4F13AA761C86EBC800DFFC79 /* MarkdownParser */ = {
			isa = PBXNativeTarget;
			buildConfigurationList = 4F13AA8E1C86EBC800DFFC79 /* Build configuration list for PBXNativeTarget "MarkdownParser" */;
			buildPhases = (
				4F13AA731C86EBC800DFFC79 /* Sources */,
				4F13AA741C86EBC800DFFC79 /* Frameworks */,
				4F13AA751C86EBC800DFFC79 /* Resources */,
				4F3472401C99107000D4AA7B /* Embed Frameworks */,
			);
			buildRules = (
			);
			dependencies = (
				4F34723F1C99107000D4AA7B /* PBXTargetDependency */,
			);
			name = MarkdownParser;
			productName = MarkdownParser;
			productReference = 4F13AA771C86EBC800DFFC79 /* MarkdownParser.app */;
			productType = "com.apple.product-type.application";
		};
/* End PBXNativeTarget section */

/* Begin PBXProject section */
		4F13AA6F1C86EBC800DFFC79 /* Project object */ = {
			isa = PBXProject;
			attributes = {
				LastUpgradeCheck = 0720;
				ORGANIZATIONNAME = Michael;
				TargetAttributes = {
					4F13AA761C86EBC800DFFC79 = {
						CreatedOnToolsVersion = 7.2;
					};
				};
			};
			buildConfigurationList = 4F13AA721C86EBC800DFFC79 /* Build configuration list for PBXProject "MarkdownParser" */;
			compatibilityVersion = "Xcode 3.2";
			developmentRegion = English;
			hasScannedForEncodings = 0;
			knownRegions = (
				en,
				Base,
			);
			mainGroup = 4F13AA6E1C86EBC800DFFC79;
			productRefGroup = 4F13AA781C86EBC800DFFC79 /* Products */;
			projectDirPath = "";
			projectReferences = (
				{
					ProductGroup = 4F34722B1C99102000D4AA7B /* Products */;
					ProjectRef = 4F34722A1C99102000D4AA7B /* MMMarkdown.xcodeproj */;
				},
			);
			projectRoot = "";
			targets = (
				4F13AA761C86EBC800DFFC79 /* MarkdownParser */,
			);
		};
/* End PBXProject section */

/* Begin PBXReferenceProxy section */
		4F3472331C99102000D4AA7B /* MMMarkdown.framework */ = {
			isa = PBXReferenceProxy;
			fileType = wrapper.framework;
			path = MMMarkdown.framework;
			remoteRef = 4F3472321C99102000D4AA7B /* PBXContainerItemProxy */;
			sourceTree = BUILT_PRODUCTS_DIR;
		};
		4F3472351C99102000D4AA7B /* MMMarkdown.framework */ = {
			isa = PBXReferenceProxy;
			fileType = wrapper.framework;
			path = MMMarkdown.framework;
			remoteRef = 4F3472341C99102000D4AA7B /* PBXContainerItemProxy */;
			sourceTree = BUILT_PRODUCTS_DIR;
		};
		4F3472371C99102000D4AA7B /* MMMarkdown.framework */ = {
			isa = PBXReferenceProxy;
			fileType = wrapper.framework;
			path = MMMarkdown.framework;
			remoteRef = 4F3472361C99102000D4AA7B /* PBXContainerItemProxy */;
			sourceTree = BUILT_PRODUCTS_DIR;
		};
		4F3472391C99102000D4AA7B /* MMMarkdown.framework */ = {
			isa = PBXReferenceProxy;
			fileType = wrapper.framework;
			path = MMMarkdown.framework;
			remoteRef = 4F3472381C99102000D4AA7B /* PBXContainerItemProxy */;
			sourceTree = BUILT_PRODUCTS_DIR;
		};
		4F34723B1C99102000D4AA7B /* MMMarkdownTests.xctest */ = {
			isa = PBXReferenceProxy;
			fileType = wrapper.cfbundle;
			path = MMMarkdownTests.xctest;
			remoteRef = 4F34723A1C99102000D4AA7B /* PBXContainerItemProxy */;
			sourceTree = BUILT_PRODUCTS_DIR;
		};
/* End PBXReferenceProxy section */

/* Begin PBXResourcesBuildPhase section */
		4F13AA751C86EBC800DFFC79 /* Resources */ = {
			isa = PBXResourcesBuildPhase;
			buildActionMask = 2147483647;
			files = (
				4F13AA8A1C86EBC800DFFC79 /* LaunchScreen.storyboard in Resources */,
				4F0E8B351C87D5D800CC89E3 /* OutputViewController.xib in Resources */,
				4F13AA871C86EBC800DFFC79 /* Assets.xcassets in Resources */,
				4F13AA851C86EBC800DFFC79 /* Main.storyboard in Resources */,
			);
			runOnlyForDeploymentPostprocessing = 0;
		};
/* End PBXResourcesBuildPhase section */

/* Begin PBXSourcesBuildPhase section */
		4F13AA731C86EBC800DFFC79 /* Sources */ = {
			isa = PBXSourcesBuildPhase;
			buildActionMask = 2147483647;
			files = (
				4F13AA821C86EBC800DFFC79 /* ViewController.m in Sources */,
				4F0E8B341C87D5D800CC89E3 /* OutputViewController.m in Sources */,
				4F13AA7F1C86EBC800DFFC79 /* AppDelegate.m in Sources */,
				4F13AA7C1C86EBC800DFFC79 /* main.m in Sources */,
			);
			runOnlyForDeploymentPostprocessing = 0;
		};
/* End PBXSourcesBuildPhase section */

/* Begin PBXTargetDependency section */
		4F34723F1C99107000D4AA7B /* PBXTargetDependency */ = {
			isa = PBXTargetDependency;
			name = "MMMarkdown (iOS)";
			targetProxy = 4F34723E1C99107000D4AA7B /* PBXContainerItemProxy */;
		};
/* End PBXTargetDependency section */

/* Begin PBXVariantGroup section */
		4F13AA831C86EBC800DFFC79 /* Main.storyboard */ = {
			isa = PBXVariantGroup;
			children = (
				4F13AA841C86EBC800DFFC79 /* Base */,
			);
			name = Main.storyboard;
			sourceTree = "<group>";
		};
		4F13AA881C86EBC800DFFC79 /* LaunchScreen.storyboard */ = {
			isa = PBXVariantGroup;
			children = (
				4F13AA891C86EBC800DFFC79 /* Base */,
			);
			name = LaunchScreen.storyboard;
			sourceTree = "<group>";
		};
/* End PBXVariantGroup section */

/* Begin XCBuildConfiguration section */
		4F13AA8C1C86EBC800DFFC79 /* Debug */ = {
			isa = XCBuildConfiguration;
			buildSettings = {
				ALWAYS_SEARCH_USER_PATHS = NO;
				CLANG_CXX_LANGUAGE_STANDARD = "gnu++0x";
				CLANG_CXX_LIBRARY = "libc++";
				CLANG_ENABLE_MODULES = YES;
				CLANG_ENABLE_OBJC_ARC = YES;
				CLANG_WARN_BOOL_CONVERSION = YES;
				CLANG_WARN_CONSTANT_CONVERSION = YES;
				CLANG_WARN_DIRECT_OBJC_ISA_USAGE = YES_ERROR;
				CLANG_WARN_EMPTY_BODY = YES;
				CLANG_WARN_ENUM_CONVERSION = YES;
				CLANG_WARN_INT_CONVERSION = YES;
				CLANG_WARN_OBJC_ROOT_CLASS = YES_ERROR;
				CLANG_WARN_UNREACHABLE_CODE = YES;
				CLANG_WARN__DUPLICATE_METHOD_MATCH = YES;
				"CODE_SIGN_IDENTITY[sdk=iphoneos*]" = "iPhone Developer";
				COPY_PHASE_STRIP = NO;
				DEBUG_INFORMATION_FORMAT = dwarf;
				ENABLE_STRICT_OBJC_MSGSEND = YES;
				ENABLE_TESTABILITY = YES;
				GCC_C_LANGUAGE_STANDARD = gnu99;
				GCC_DYNAMIC_NO_PIC = NO;
				GCC_NO_COMMON_BLOCKS = YES;
				GCC_OPTIMIZATION_LEVEL = 0;
				GCC_PREPROCESSOR_DEFINITIONS = (
					"DEBUG=1",
					"$(inherited)",
				);
				GCC_WARN_64_TO_32_BIT_CONVERSION = YES;
				GCC_WARN_ABOUT_RETURN_TYPE = YES_ERROR;
				GCC_WARN_UNDECLARED_SELECTOR = YES;
				GCC_WARN_UNINITIALIZED_AUTOS = YES_AGGRESSIVE;
				GCC_WARN_UNUSED_FUNCTION = YES;
				GCC_WARN_UNUSED_VARIABLE = YES;
				IPHONEOS_DEPLOYMENT_TARGET = 9.2;
				MTL_ENABLE_DEBUG_INFO = YES;
				ONLY_ACTIVE_ARCH = YES;
				SDKROOT = iphoneos;
			};
			name = Debug;
		};
		4F13AA8D1C86EBC800DFFC79 /* Release */ = {
			isa = XCBuildConfiguration;
			buildSettings = {
				ALWAYS_SEARCH_USER_PATHS = NO;
				CLANG_CXX_LANGUAGE_STANDARD = "gnu++0x";
				CLANG_CXX_LIBRARY = "libc++";
				CLANG_ENABLE_MODULES = YES;
				CLANG_ENABLE_OBJC_ARC = YES;
				CLANG_WARN_BOOL_CONVERSION = YES;
				CLANG_WARN_CONSTANT_CONVERSION = YES;
				CLANG_WARN_DIRECT_OBJC_ISA_USAGE = YES_ERROR;
				CLANG_WARN_EMPTY_BODY = YES;
				CLANG_WARN_ENUM_CONVERSION = YES;
				CLANG_WARN_INT_CONVERSION = YES;
				CLANG_WARN_OBJC_ROOT_CLASS = YES_ERROR;
				CLANG_WARN_UNREACHABLE_CODE = YES;
				CLANG_WARN__DUPLICATE_METHOD_MATCH = YES;
				"CODE_SIGN_IDENTITY[sdk=iphoneos*]" = "iPhone Developer";
				COPY_PHASE_STRIP = NO;
				DEBUG_INFORMATION_FORMAT = "dwarf-with-dsym";
				ENABLE_NS_ASSERTIONS = NO;
				ENABLE_STRICT_OBJC_MSGSEND = YES;
				GCC_C_LANGUAGE_STANDARD = gnu99;
				GCC_NO_COMMON_BLOCKS = YES;
				GCC_WARN_64_TO_32_BIT_CONVERSION = YES;
				GCC_WARN_ABOUT_RETURN_TYPE = YES_ERROR;
				GCC_WARN_UNDECLARED_SELECTOR = YES;
				GCC_WARN_UNINITIALIZED_AUTOS = YES_AGGRESSIVE;
				GCC_WARN_UNUSED_FUNCTION = YES;
				GCC_WARN_UNUSED_VARIABLE = YES;
				IPHONEOS_DEPLOYMENT_TARGET = 9.2;
				MTL_ENABLE_DEBUG_INFO = NO;
				SDKROOT = iphoneos;
				VALIDATE_PRODUCT = YES;
			};
			name = Release;
		};
		4F13AA8F1C86EBC800DFFC79 /* Debug */ = {
			isa = XCBuildConfiguration;
			buildSettings = {
				ASSETCATALOG_COMPILER_APPICON_NAME = AppIcon;
				ENABLE_BITCODE = NO;
				INFOPLIST_FILE = MarkdownParser/Info.plist;
				LD_RUNPATH_SEARCH_PATHS = "$(inherited) @executable_path/Frameworks";
				LIBRARY_SEARCH_PATHS = (
					"$(inherited)",
					"$(PROJECT_DIR)/MarkdownParser",
				);
				PRODUCT_BUNDLE_IDENTIFIER = "----.MarkdownParser";
				PRODUCT_NAME = "$(TARGET_NAME)";
			};
			name = Debug;
		};
		4F13AA901C86EBC800DFFC79 /* Release */ = {
			isa = XCBuildConfiguration;
			buildSettings = {
				ASSETCATALOG_COMPILER_APPICON_NAME = AppIcon;
				ENABLE_BITCODE = NO;
				INFOPLIST_FILE = MarkdownParser/Info.plist;
				LD_RUNPATH_SEARCH_PATHS = "$(inherited) @executable_path/Frameworks";
				LIBRARY_SEARCH_PATHS = (
					"$(inherited)",
					"$(PROJECT_DIR)/MarkdownParser",
				);
				PRODUCT_BUNDLE_IDENTIFIER = "----.MarkdownParser";
				PRODUCT_NAME = "$(TARGET_NAME)";
			};
			name = Release;
		};
/* End XCBuildConfiguration section */

/* Begin XCConfigurationList section */
		4F13AA721C86EBC800DFFC79 /* Build configuration list for PBXProject "MarkdownParser" */ = {
			isa = XCConfigurationList;
			buildConfigurations = (
				4F13AA8C1C86EBC800DFFC79 /* Debug */,
				4F13AA8D1C86EBC800DFFC79 /* Release */,
			);
			defaultConfigurationIsVisible = 0;
			defaultConfigurationName = Release;
		};
		4F13AA8E1C86EBC800DFFC79 /* Build configuration list for PBXNativeTarget "MarkdownParser" */ = {
			isa = XCConfigurationList;
			buildConfigurations = (
				4F13AA8F1C86EBC800DFFC79 /* Debug */,
				4F13AA901C86EBC800DFFC79 /* Release */,
			);
			defaultConfigurationIsVisible = 0;
			defaultConfigurationName = Release;
		};
/* End XCConfigurationList section */
	};
	rootObject = 4F13AA6F1C86EBC800DFFC79 /* Project object */;
}
